
Microsoft Visual Studio Solution File, Format Version 12.00
# Visual Studio Version 16
VisualStudioVersion = 16.0.29806.167
MinimumVisualStudioVersion = 10.0.40219.1
Project("{9A19103F-16F7-4668-BE54-9A1E7A4F7556}") = "Enderlook.Unity.Attributes", "Enderlook.Unity.Attributes\Enderlook.Unity.Attributes.csproj", "{38EA8FB2-EE86-4841-8C71-974DE950A21B}"
EndProject
Project("{9A19103F-16F7-4668-BE54-9A1E7A4F7556}") = "Enderlook.Unity.Attributes.AttributeUsage", "Enderlook.Unity.Attributes.AttributeUsage\Enderlook.Unity.Attributes.AttributeUsage.csproj", "{4CB457E9-173B-44F7-9847-C1C319ED31B7}"
EndProject
Project("{9A19103F-16F7-4668-BE54-9A1E7A4F7556}") = "Enderlook.Unity.Attributes.Serializables", "Enderlook.Unity.Attributes.Serializables\Enderlook.Unity.Attributes.Serializables.csproj", "{6C7E21EA-0AAB-4E6B-B3FE-EFB2128F9072}"
EndProject
Project("{9A19103F-16F7-4668-BE54-9A1E7A4F7556}") = "Enderlook.Unity.Components", "Enderlook.Unity.Components\Enderlook.Unity.Components.csproj", "{3C20B811-0C7E-4133-8340-209E36D07900}"
EndProject
Project("{9A19103F-16F7-4668-BE54-9A1E7A4F7556}") = "Enderlook.Unity.Components.Destroyers", "Enderlook.Unity.Components.Destroyers\Enderlook.Unity.Components.Destroyers.csproj", "{AE1234DB-7101-4050-B2E8-9CAB0201E413}"
EndProject
Project("{9A19103F-16F7-4668-BE54-9A1E7A4F7556}") = "Enderlook.Unity.Components.Navigation", "Enderlook.Unity.Components.Navigation\Enderlook.Unity.Components.Navigation.csproj", "{0057FB89-F6AB-489A-9FA2-916827FDF885}"
EndProject
Project("{9A19103F-16F7-4668-BE54-9A1E7A4F7556}") = "Enderlook.Unity.Extensions", "Enderlook.Unity.Extensions\Enderlook.Unity.Extensions.csproj", "{DACBC404-3785-4EEE-9A63-9351855E99F0}"
EndProject
Project("{9A19103F-16F7-4668-BE54-9A1E7A4F7556}") = "Enderlook.Unity.Prefabs.FloatingText", "Enderlook.Unity.Prefabs.FloatingText\Enderlook.Unity.Prefabs.FloatingText.csproj", "{29A98557-FAF5-45DA-A3EB-D008366927E4}"
EndProject
Project("{9A19103F-16F7-4668-BE54-9A1E7A4F7556}") = "Enderlook.Unity.Prefabs.HealthBar", "Enderlook.Unity.Prefabs.HealthBar\Enderlook.Unity.Prefabs.HealthBar.csproj", "{FFA2D2AF-39BF-4C98-84F4-B67309216205}"
EndProject
Project("{9A19103F-16F7-4668-BE54-9A1E7A4F7556}") = "Enderlook.Unity.Utils", "Enderlook.Unity.Utils\Enderlook.Unity.Utils.csproj", "{34579B73-27AA-4317-88DE-4D1413B60F79}"
EndProject
Project("{9A19103F-16F7-4668-BE54-9A1E7A4F7556}") = "Enderlook.Unity.Utils.Rects", "Enderlook.Unity.Utils.Rects\Enderlook.Unity.Utils.Rects.csproj", "{86F3130B-BC65-4AF7-ABAA-7289AF2A94C8}"
EndProject
Project("{9A19103F-16F7-4668-BE54-9A1E7A4F7556}") = "Enderlook.Unity.Utils.Clockwork", "Enderlook.Unity.Utils.Clockwork\Enderlook.Unity.Utils.Clockwork.csproj", "{4790E820-BDB9-45E0-9979-CDAFEB880FDB}"
EndProject
Project("{9A19103F-16F7-4668-BE54-9A1E7A4F7556}") = "Enderlook.Unity.Utils.ColorCombiner", "Enderlook.Unity.Utils.ColorCombiner\Enderlook.Unity.Utils.ColorCombiner.csproj", "{95E4DDB7-D8F1-41B4-8C3B-695EB3912C9A}"
EndProject
Project("{9A19103F-16F7-4668-BE54-9A1E7A4F7556}") = "Enderlook.Unity.Utils.ColorCombiner.SpriteRenderer", "Enderlook.Unity.Utils.ColorCombiner.SpriteRenderer\Enderlook.Unity.Utils.ColorCombiner.SpriteRenderer.csproj", "{FFE0E88F-2938-437C-B36D-FE71C91D46A7}"
EndProject
Project("{9A19103F-16F7-4668-BE54-9A1E7A4F7556}") = "Enderlook.Unity.Utils.Comparers", "Enderlook.Unity.Utils.Comparers\Enderlook.Unity.Utils.Comparers.csproj", "{4AEA8C35-0AED-46F6-A32F-2AAAFBF152A0}"
EndProject
Project("{9A19103F-16F7-4668-BE54-9A1E7A4F7556}") = "Enderlook.Unity.Utils.Interfaces", "Enderlook.Unity.Utils.Interfaces\Enderlook.Unity.Utils.Interfaces.csproj", "{BA048F9A-2210-44DB-8122-61FB36170035}"
EndProject
Project("{9A19103F-16F7-4668-BE54-9A1E7A4F7556}") = "Enderlook.Unity.Utils.Prototypes", "Enderlook.Unity.Utils.Prototypes\Enderlook.Unity.Utils.Prototypes.csproj", "{C86E9A0D-0835-49E7-B49E-AD8BD19D3198}"
EndProject
Project("{9A19103F-16F7-4668-BE54-9A1E7A4F7556}") = "Enderlook.Unity.Components.SoundSystem", "Enderlook.Unity.Components.SoundSystem\Enderlook.Unity.Components.SoundSystem.csproj", "{AB3AE256-EDAF-4AED-A03C-4498F3AE2FD9}"
EndProject
Project("{9A19103F-16F7-4668-BE54-9A1E7A4F7556}") = "Enderlook.Unity.Serializables", "Enderlook.Unity.Serializables\Enderlook.Unity.Serializables.csproj", "{3CA3511F-DDA2-4C87-B9D9-1976C3843AEF}"
EndProject
Project("{9A19103F-16F7-4668-BE54-9A1E7A4F7556}") = "Enderlook.Unity.Serializables.Collections", "Enderlook.Unity.Serializables.Collections\Enderlook.Unity.Serializables.Collections.csproj", "{F5D63D59-0CD1-4307-A631-AE06FBE270E4}"
EndProject
Project("{9A19103F-16F7-4668-BE54-9A1E7A4F7556}") = "Enderlook.Unity.Serializables.Physics", "Enderlook.Unity.Serializables.Physics\Enderlook.Unity.Serializables.Physics.csproj", "{E78C3433-5D82-4A44-99D0-A35F2DB9BD14}"
EndProject
Project("{9A19103F-16F7-4668-BE54-9A1E7A4F7556}") = "Enderlook.Unity.Serializables.Ranges", "Enderlook.Unity.Serializables.Ranges\Enderlook.Unity.Serializables.Ranges.csproj", "{D203A860-5836-446D-964D-E292541E2FFE}"
EndProject
Project("{9A19103F-16F7-4668-BE54-9A1E7A4F7556}") = "Enderlook.Unity.ScriptableObjects.PolySwitchers", "Enderlook.Unity.ScriptableObjects.PolySwitchers\Enderlook.Unity.ScriptableObjects.PolySwitchers.csproj", "{BBF9E5D5-1831-425F-B27E-F37D0804AA00}"
EndProject
Project("{9A19103F-16F7-4668-BE54-9A1E7A4F7556}") = "Enderlook.Unity.Components.ScriptableSound", "Enderlook.Unity.Components.ScriptableSound\Enderlook.Unity.Components.ScriptableSound.csproj", "{285C0E94-292F-4034-8A23-CEA5C429A319}"
EndProject
Project("{9A19103F-16F7-4668-BE54-9A1E7A4F7556}") = "Enderlook.Unity.Utils.UnityEditor", "Enderlook.Unity.Utils.UnityEditor\Enderlook.Unity.Utils.UnityEditor.csproj", "{3BDB2493-B44F-4C24-9037-AA4C84F85EE4}"
EndProject
Project("{9A19103F-16F7-4668-BE54-9A1E7A4F7556}") = "Enderlook.Unity.Serializables.Ranges-Drawers", "Enderlook.Unity.Serializables.Ranges-Drawers\Enderlook.Unity.Serializables.Ranges-Drawers.csproj", "{6910A314-41C8-4991-8004-F8BA1F8FFC60}"
EndProject
Project("{9A19103F-16F7-4668-BE54-9A1E7A4F7556}") = "Enderlook.Unity.Serializables.Physics-Drawers", "Enderlook.Unity.Serializables.Physics-Drawers\Enderlook.Unity.Serializables.Physics-Drawers.csproj", "{599D754B-FFB3-4D45-8BC3-3E3C45F51220}"
EndProject
Project("{9A19103F-16F7-4668-BE54-9A1E7A4F7556}") = "Enderlook.Unity.Serializables.Collections-Drawers", "Enderlook.Unity.Serializables.Collections-Drawers\Enderlook.Unity.Serializables.Collections-Drawers.csproj", "{06291333-2B5B-43A1-959D-13367FD27A3C}"
EndProject
Project("{9A19103F-16F7-4668-BE54-9A1E7A4F7556}") = "Enderlook.Unity.Components.ScriptableSound-Editor", "Enderlook.Unity.Components.ScriptableSound-Editor\Enderlook.Unity.Components.ScriptableSound-Editor.csproj", "{EB9E47D4-BB0A-4F0E-89F9-149796CD7C6D}"
EndProject
Project("{9A19103F-16F7-4668-BE54-9A1E7A4F7556}") = "Enderlook.Unity.Components.Navigation-Editor", "Enderlook.Unity.Components.Navigation-Editor\Enderlook.Unity.Components.Navigation-Editor.csproj", "{78DB35BA-E8C8-46C4-9459-FA3ED50ECBD0}"
EndProject
Project("{9A19103F-16F7-4668-BE54-9A1E7A4F7556}") = "Enderlook.Unity.Attributes-Testing", "Enderlook.Unity.Attributes-Testing\Enderlook.Unity.Attributes-Testing.csproj", "{BC3F5B9B-7DC9-4C99-9080-2B87DD05F873}"
EndProject
Project("{9A19103F-16F7-4668-BE54-9A1E7A4F7556}") = "Enderlook.Unity.Attributes-Drawers", "Enderlook.Unity.Attributes-Drawers\Enderlook.Unity.Attributes-Drawers.csproj", "{BCDF9DBB-5F7A-4F84-9A0F-0CDC3D68524D}"
EndProject
Project("{9A19103F-16F7-4668-BE54-9A1E7A4F7556}") = "Enderlook.Unity.Attributes.Serializables-Drawers", "Enderlook.Unity.Attributes.Serializables-Drawers\Enderlook.Unity.Attributes.Serializables-Drawers.csproj", "{C837E4E7-328C-4BB2-ABF3-B6C820DA43D5}"
EndProject
Project("{9A19103F-16F7-4668-BE54-9A1E7A4F7556}") = "Enderlook.Unity.Attributes.AttributeUsage-Testing", "Enderlook.Unity.Attributes.AttributeUsage-Testing\Enderlook.Unity.Attributes.AttributeUsage-Testing.csproj", "{DC35BB13-41A7-4F9F-87D5-D7B7F7C94D5C}"
EndProject
Project("{9A19103F-16F7-4668-BE54-9A1E7A4F7556}") = "Enderlook.Unity.Attributes.AttributeUsage.PostCompiling", "Enderlook.Unity.Attributes.AttributeUsage.PostCompiling\Enderlook.Unity.Attributes.AttributeUsage.PostCompiling.csproj", "{0739BAA7-900D-4C6F-9142-786149489912}"
EndProject
Project("{9A19103F-16F7-4668-BE54-9A1E7A4F7556}") = "Enderlook.Unity.Atoms", "Enderlook.Unity.Atoms\Enderlook.Unity.Atoms.csproj", "{50C595BA-D8FE-4AD5-9E83-99495C2071C8}"
EndProject
Project("{9A19103F-16F7-4668-BE54-9A1E7A4F7556}") = "Enderlook.Unity.ScriptableObjects.PolySwitchers-Editor", "Enderlook.Unity.ScriptableObjects.PolySwitchers-Editor\Enderlook.Unity.ScriptableObjects.PolySwitchers-Editor.csproj", "{070164B8-215A-4847-A306-CB4891CCFADA}"
EndProject
Project("{9A19103F-16F7-4668-BE54-9A1E7A4F7556}") = "Enderlook.Unity.Atoms-Drawers", "Enderlook.Unity.Atoms-Drawers\Enderlook.Unity.Atoms-Drawers.csproj", "{44C7194A-74E1-451C-8351-FF11D9EB5E2D}"
EndProject
Global
	GlobalSection(SolutionConfigurationPlatforms) = preSolution
		Debug Editor|Any CPU = Debug Editor|Any CPU
		Debug Game|Any CPU = Debug Game|Any CPU
		Release Editor|Any CPU = Release Editor|Any CPU
		Release Game|Any CPU = Release Game|Any CPU
	EndGlobalSection
	GlobalSection(ProjectConfigurationPlatforms) = postSolution
		{38EA8FB2-EE86-4841-8C71-974DE950A21B}.Debug Editor|Any CPU.ActiveCfg = Debug Editor|Any CPU
		{38EA8FB2-EE86-4841-8C71-974DE950A21B}.Debug Editor|Any CPU.Build.0 = Debug Editor|Any CPU
		{38EA8FB2-EE86-4841-8C71-974DE950A21B}.Debug Game|Any CPU.ActiveCfg = Debug Game|Any CPU
		{38EA8FB2-EE86-4841-8C71-974DE950A21B}.Debug Game|Any CPU.Build.0 = Debug Game|Any CPU
		{38EA8FB2-EE86-4841-8C71-974DE950A21B}.Release Editor|Any CPU.ActiveCfg = Release Editor|Any CPU
		{38EA8FB2-EE86-4841-8C71-974DE950A21B}.Release Editor|Any CPU.Build.0 = Release Editor|Any CPU
		{38EA8FB2-EE86-4841-8C71-974DE950A21B}.Release Game|Any CPU.ActiveCfg = Release Game|Any CPU
		{38EA8FB2-EE86-4841-8C71-974DE950A21B}.Release Game|Any CPU.Build.0 = Release Game|Any CPU
		{4CB457E9-173B-44F7-9847-C1C319ED31B7}.Debug Editor|Any CPU.ActiveCfg = Debug Editor|Any CPU
		{4CB457E9-173B-44F7-9847-C1C319ED31B7}.Debug Editor|Any CPU.Build.0 = Debug Editor|Any CPU
		{4CB457E9-173B-44F7-9847-C1C319ED31B7}.Debug Game|Any CPU.ActiveCfg = Debug Game|Any CPU
		{4CB457E9-173B-44F7-9847-C1C319ED31B7}.Debug Game|Any CPU.Build.0 = Debug Game|Any CPU
		{4CB457E9-173B-44F7-9847-C1C319ED31B7}.Release Editor|Any CPU.ActiveCfg = Release Editor|Any CPU
		{4CB457E9-173B-44F7-9847-C1C319ED31B7}.Release Editor|Any CPU.Build.0 = Release Editor|Any CPU
		{4CB457E9-173B-44F7-9847-C1C319ED31B7}.Release Game|Any CPU.ActiveCfg = Release Game|Any CPU
		{4CB457E9-173B-44F7-9847-C1C319ED31B7}.Release Game|Any CPU.Build.0 = Release Game|Any CPU
		{6C7E21EA-0AAB-4E6B-B3FE-EFB2128F9072}.Debug Editor|Any CPU.ActiveCfg = Debug Editor|Any CPU
		{6C7E21EA-0AAB-4E6B-B3FE-EFB2128F9072}.Debug Editor|Any CPU.Build.0 = Debug Editor|Any CPU
		{6C7E21EA-0AAB-4E6B-B3FE-EFB2128F9072}.Debug Game|Any CPU.ActiveCfg = Debug Game|Any CPU
		{6C7E21EA-0AAB-4E6B-B3FE-EFB2128F9072}.Debug Game|Any CPU.Build.0 = Debug Game|Any CPU
		{6C7E21EA-0AAB-4E6B-B3FE-EFB2128F9072}.Release Editor|Any CPU.ActiveCfg = Release Editor|Any CPU
		{6C7E21EA-0AAB-4E6B-B3FE-EFB2128F9072}.Release Editor|Any CPU.Build.0 = Release Editor|Any CPU
		{6C7E21EA-0AAB-4E6B-B3FE-EFB2128F9072}.Release Game|Any CPU.ActiveCfg = Release Game|Any CPU
		{6C7E21EA-0AAB-4E6B-B3FE-EFB2128F9072}.Release Game|Any CPU.Build.0 = Release Game|Any CPU
		{3C20B811-0C7E-4133-8340-209E36D07900}.Debug Editor|Any CPU.ActiveCfg = Debug Editor|Any CPU
		{3C20B811-0C7E-4133-8340-209E36D07900}.Debug Editor|Any CPU.Build.0 = Debug Editor|Any CPU
		{3C20B811-0C7E-4133-8340-209E36D07900}.Debug Game|Any CPU.ActiveCfg = Debug Game|Any CPU
		{3C20B811-0C7E-4133-8340-209E36D07900}.Debug Game|Any CPU.Build.0 = Debug Game|Any CPU
		{3C20B811-0C7E-4133-8340-209E36D07900}.Release Editor|Any CPU.ActiveCfg = Release Editor|Any CPU
		{3C20B811-0C7E-4133-8340-209E36D07900}.Release Editor|Any CPU.Build.0 = Release Editor|Any CPU
		{3C20B811-0C7E-4133-8340-209E36D07900}.Release Game|Any CPU.ActiveCfg = Release Game|Any CPU
		{3C20B811-0C7E-4133-8340-209E36D07900}.Release Game|Any CPU.Build.0 = Release Game|Any CPU
		{AE1234DB-7101-4050-B2E8-9CAB0201E413}.Debug Editor|Any CPU.ActiveCfg = Debug Editor|Any CPU
		{AE1234DB-7101-4050-B2E8-9CAB0201E413}.Debug Editor|Any CPU.Build.0 = Debug Editor|Any CPU
		{AE1234DB-7101-4050-B2E8-9CAB0201E413}.Debug Game|Any CPU.ActiveCfg = Debug Game|Any CPU
		{AE1234DB-7101-4050-B2E8-9CAB0201E413}.Debug Game|Any CPU.Build.0 = Debug Game|Any CPU
		{AE1234DB-7101-4050-B2E8-9CAB0201E413}.Release Editor|Any CPU.ActiveCfg = Release Editor|Any CPU
		{AE1234DB-7101-4050-B2E8-9CAB0201E413}.Release Editor|Any CPU.Build.0 = Release Editor|Any CPU
		{AE1234DB-7101-4050-B2E8-9CAB0201E413}.Release Game|Any CPU.ActiveCfg = Release Game|Any CPU
		{AE1234DB-7101-4050-B2E8-9CAB0201E413}.Release Game|Any CPU.Build.0 = Release Game|Any CPU
		{0057FB89-F6AB-489A-9FA2-916827FDF885}.Debug Editor|Any CPU.ActiveCfg = Debug Editor|Any CPU
		{0057FB89-F6AB-489A-9FA2-916827FDF885}.Debug Editor|Any CPU.Build.0 = Debug Editor|Any CPU
		{0057FB89-F6AB-489A-9FA2-916827FDF885}.Debug Game|Any CPU.ActiveCfg = Debug Game|Any CPU
		{0057FB89-F6AB-489A-9FA2-916827FDF885}.Debug Game|Any CPU.Build.0 = Debug Game|Any CPU
		{0057FB89-F6AB-489A-9FA2-916827FDF885}.Release Editor|Any CPU.ActiveCfg = Release Editor|Any CPU
		{0057FB89-F6AB-489A-9FA2-916827FDF885}.Release Editor|Any CPU.Build.0 = Release Editor|Any CPU
		{0057FB89-F6AB-489A-9FA2-916827FDF885}.Release Game|Any CPU.ActiveCfg = Release Game|Any CPU
		{0057FB89-F6AB-489A-9FA2-916827FDF885}.Release Game|Any CPU.Build.0 = Release Game|Any CPU
		{DACBC404-3785-4EEE-9A63-9351855E99F0}.Debug Editor|Any CPU.ActiveCfg = Debug Editor|Any CPU
		{DACBC404-3785-4EEE-9A63-9351855E99F0}.Debug Editor|Any CPU.Build.0 = Debug Editor|Any CPU
		{DACBC404-3785-4EEE-9A63-9351855E99F0}.Debug Game|Any CPU.ActiveCfg = Debug Game|Any CPU
		{DACBC404-3785-4EEE-9A63-9351855E99F0}.Debug Game|Any CPU.Build.0 = Debug Game|Any CPU
		{DACBC404-3785-4EEE-9A63-9351855E99F0}.Release Editor|Any CPU.ActiveCfg = Release Editor|Any CPU
		{DACBC404-3785-4EEE-9A63-9351855E99F0}.Release Editor|Any CPU.Build.0 = Release Editor|Any CPU
		{DACBC404-3785-4EEE-9A63-9351855E99F0}.Release Game|Any CPU.ActiveCfg = Release Game|Any CPU
		{DACBC404-3785-4EEE-9A63-9351855E99F0}.Release Game|Any CPU.Build.0 = Release Game|Any CPU
		{29A98557-FAF5-45DA-A3EB-D008366927E4}.Debug Editor|Any CPU.ActiveCfg = Debug Editor|Any CPU
		{29A98557-FAF5-45DA-A3EB-D008366927E4}.Debug Editor|Any CPU.Build.0 = Debug Editor|Any CPU
		{29A98557-FAF5-45DA-A3EB-D008366927E4}.Debug Game|Any CPU.ActiveCfg = Debug Game|Any CPU
		{29A98557-FAF5-45DA-A3EB-D008366927E4}.Debug Game|Any CPU.Build.0 = Debug Game|Any CPU
		{29A98557-FAF5-45DA-A3EB-D008366927E4}.Release Editor|Any CPU.ActiveCfg = Release Editor|Any CPU
		{29A98557-FAF5-45DA-A3EB-D008366927E4}.Release Editor|Any CPU.Build.0 = Release Editor|Any CPU
		{29A98557-FAF5-45DA-A3EB-D008366927E4}.Release Game|Any CPU.ActiveCfg = Release Game|Any CPU
		{29A98557-FAF5-45DA-A3EB-D008366927E4}.Release Game|Any CPU.Build.0 = Release Game|Any CPU
		{FFA2D2AF-39BF-4C98-84F4-B67309216205}.Debug Editor|Any CPU.ActiveCfg = Debug Editor|Any CPU
		{FFA2D2AF-39BF-4C98-84F4-B67309216205}.Debug Editor|Any CPU.Build.0 = Debug Editor|Any CPU
		{FFA2D2AF-39BF-4C98-84F4-B67309216205}.Debug Game|Any CPU.ActiveCfg = Debug Game|Any CPU
		{FFA2D2AF-39BF-4C98-84F4-B67309216205}.Debug Game|Any CPU.Build.0 = Debug Game|Any CPU
		{FFA2D2AF-39BF-4C98-84F4-B67309216205}.Release Editor|Any CPU.ActiveCfg = Release Editor|Any CPU
		{FFA2D2AF-39BF-4C98-84F4-B67309216205}.Release Editor|Any CPU.Build.0 = Release Editor|Any CPU
		{FFA2D2AF-39BF-4C98-84F4-B67309216205}.Release Game|Any CPU.ActiveCfg = Release Game|Any CPU
		{FFA2D2AF-39BF-4C98-84F4-B67309216205}.Release Game|Any CPU.Build.0 = Release Game|Any CPU
		{34579B73-27AA-4317-88DE-4D1413B60F79}.Debug Editor|Any CPU.ActiveCfg = Debug Editor|Any CPU
		{34579B73-27AA-4317-88DE-4D1413B60F79}.Debug Editor|Any CPU.Build.0 = Debug Editor|Any CPU
		{34579B73-27AA-4317-88DE-4D1413B60F79}.Debug Game|Any CPU.ActiveCfg = Debug Game|Any CPU
		{34579B73-27AA-4317-88DE-4D1413B60F79}.Debug Game|Any CPU.Build.0 = Debug Game|Any CPU
		{34579B73-27AA-4317-88DE-4D1413B60F79}.Release Editor|Any CPU.ActiveCfg = Release Editor|Any CPU
		{34579B73-27AA-4317-88DE-4D1413B60F79}.Release Editor|Any CPU.Build.0 = Release Editor|Any CPU
		{34579B73-27AA-4317-88DE-4D1413B60F79}.Release Game|Any CPU.ActiveCfg = Release Game|Any CPU
		{34579B73-27AA-4317-88DE-4D1413B60F79}.Release Game|Any CPU.Build.0 = Release Game|Any CPU
		{86F3130B-BC65-4AF7-ABAA-7289AF2A94C8}.Debug Editor|Any CPU.ActiveCfg = Debug Editor|Any CPU
		{86F3130B-BC65-4AF7-ABAA-7289AF2A94C8}.Debug Editor|Any CPU.Build.0 = Debug Editor|Any CPU
		{86F3130B-BC65-4AF7-ABAA-7289AF2A94C8}.Debug Game|Any CPU.ActiveCfg = Debug Game|Any CPU
		{86F3130B-BC65-4AF7-ABAA-7289AF2A94C8}.Debug Game|Any CPU.Build.0 = Debug Game|Any CPU
		{86F3130B-BC65-4AF7-ABAA-7289AF2A94C8}.Release Editor|Any CPU.ActiveCfg = Release Editor|Any CPU
		{86F3130B-BC65-4AF7-ABAA-7289AF2A94C8}.Release Editor|Any CPU.Build.0 = Release Editor|Any CPU
		{86F3130B-BC65-4AF7-ABAA-7289AF2A94C8}.Release Game|Any CPU.ActiveCfg = Release Game|Any CPU
		{86F3130B-BC65-4AF7-ABAA-7289AF2A94C8}.Release Game|Any CPU.Build.0 = Release Game|Any CPU
		{4790E820-BDB9-45E0-9979-CDAFEB880FDB}.Debug Editor|Any CPU.ActiveCfg = Debug Editor|Any CPU
		{4790E820-BDB9-45E0-9979-CDAFEB880FDB}.Debug Editor|Any CPU.Build.0 = Debug Editor|Any CPU
		{4790E820-BDB9-45E0-9979-CDAFEB880FDB}.Debug Game|Any CPU.ActiveCfg = Debug Game|Any CPU
		{4790E820-BDB9-45E0-9979-CDAFEB880FDB}.Debug Game|Any CPU.Build.0 = Debug Game|Any CPU
		{4790E820-BDB9-45E0-9979-CDAFEB880FDB}.Release Editor|Any CPU.ActiveCfg = Release Editor|Any CPU
		{4790E820-BDB9-45E0-9979-CDAFEB880FDB}.Release Editor|Any CPU.Build.0 = Release Editor|Any CPU
		{4790E820-BDB9-45E0-9979-CDAFEB880FDB}.Release Game|Any CPU.ActiveCfg = Release Game|Any CPU
		{4790E820-BDB9-45E0-9979-CDAFEB880FDB}.Release Game|Any CPU.Build.0 = Release Game|Any CPU
		{95E4DDB7-D8F1-41B4-8C3B-695EB3912C9A}.Debug Editor|Any CPU.ActiveCfg = Debug Editor|Any CPU
		{95E4DDB7-D8F1-41B4-8C3B-695EB3912C9A}.Debug Editor|Any CPU.Build.0 = Debug Editor|Any CPU
		{95E4DDB7-D8F1-41B4-8C3B-695EB3912C9A}.Debug Game|Any CPU.ActiveCfg = Debug Game|Any CPU
		{95E4DDB7-D8F1-41B4-8C3B-695EB3912C9A}.Debug Game|Any CPU.Build.0 = Debug Game|Any CPU
		{95E4DDB7-D8F1-41B4-8C3B-695EB3912C9A}.Release Editor|Any CPU.ActiveCfg = Release Editor|Any CPU
		{95E4DDB7-D8F1-41B4-8C3B-695EB3912C9A}.Release Editor|Any CPU.Build.0 = Release Editor|Any CPU
		{95E4DDB7-D8F1-41B4-8C3B-695EB3912C9A}.Release Game|Any CPU.ActiveCfg = Release Game|Any CPU
		{95E4DDB7-D8F1-41B4-8C3B-695EB3912C9A}.Release Game|Any CPU.Build.0 = Release Game|Any CPU
		{FFE0E88F-2938-437C-B36D-FE71C91D46A7}.Debug Editor|Any CPU.ActiveCfg = Debug Editor|Any CPU
		{FFE0E88F-2938-437C-B36D-FE71C91D46A7}.Debug Editor|Any CPU.Build.0 = Debug Editor|Any CPU
		{FFE0E88F-2938-437C-B36D-FE71C91D46A7}.Debug Game|Any CPU.ActiveCfg = Debug Game|Any CPU
		{FFE0E88F-2938-437C-B36D-FE71C91D46A7}.Debug Game|Any CPU.Build.0 = Debug Game|Any CPU
		{FFE0E88F-2938-437C-B36D-FE71C91D46A7}.Release Editor|Any CPU.ActiveCfg = Release Editor|Any CPU
		{FFE0E88F-2938-437C-B36D-FE71C91D46A7}.Release Editor|Any CPU.Build.0 = Release Editor|Any CPU
		{FFE0E88F-2938-437C-B36D-FE71C91D46A7}.Release Game|Any CPU.ActiveCfg = Release Game|Any CPU
		{FFE0E88F-2938-437C-B36D-FE71C91D46A7}.Release Game|Any CPU.Build.0 = Release Game|Any CPU
		{4AEA8C35-0AED-46F6-A32F-2AAAFBF152A0}.Debug Editor|Any CPU.ActiveCfg = Debug Editor|Any CPU
		{4AEA8C35-0AED-46F6-A32F-2AAAFBF152A0}.Debug Editor|Any CPU.Build.0 = Debug Editor|Any CPU
		{4AEA8C35-0AED-46F6-A32F-2AAAFBF152A0}.Debug Game|Any CPU.ActiveCfg = Debug Game|Any CPU
		{4AEA8C35-0AED-46F6-A32F-2AAAFBF152A0}.Debug Game|Any CPU.Build.0 = Debug Game|Any CPU
		{4AEA8C35-0AED-46F6-A32F-2AAAFBF152A0}.Release Editor|Any CPU.ActiveCfg = Release Editor|Any CPU
		{4AEA8C35-0AED-46F6-A32F-2AAAFBF152A0}.Release Editor|Any CPU.Build.0 = Release Editor|Any CPU
		{4AEA8C35-0AED-46F6-A32F-2AAAFBF152A0}.Release Game|Any CPU.ActiveCfg = Release Game|Any CPU
		{4AEA8C35-0AED-46F6-A32F-2AAAFBF152A0}.Release Game|Any CPU.Build.0 = Release Game|Any CPU
		{BA048F9A-2210-44DB-8122-61FB36170035}.Debug Editor|Any CPU.ActiveCfg = Debug Editor|Any CPU
		{BA048F9A-2210-44DB-8122-61FB36170035}.Debug Editor|Any CPU.Build.0 = Debug Editor|Any CPU
		{BA048F9A-2210-44DB-8122-61FB36170035}.Debug Game|Any CPU.ActiveCfg = Debug Game|Any CPU
		{BA048F9A-2210-44DB-8122-61FB36170035}.Debug Game|Any CPU.Build.0 = Debug Game|Any CPU
		{BA048F9A-2210-44DB-8122-61FB36170035}.Release Editor|Any CPU.ActiveCfg = Release Editor|Any CPU
		{BA048F9A-2210-44DB-8122-61FB36170035}.Release Editor|Any CPU.Build.0 = Release Editor|Any CPU
		{BA048F9A-2210-44DB-8122-61FB36170035}.Release Game|Any CPU.ActiveCfg = Release Game|Any CPU
		{BA048F9A-2210-44DB-8122-61FB36170035}.Release Game|Any CPU.Build.0 = Release Game|Any CPU
		{C86E9A0D-0835-49E7-B49E-AD8BD19D3198}.Debug Editor|Any CPU.ActiveCfg = Debug Editor|Any CPU
		{C86E9A0D-0835-49E7-B49E-AD8BD19D3198}.Debug Editor|Any CPU.Build.0 = Debug Editor|Any CPU
		{C86E9A0D-0835-49E7-B49E-AD8BD19D3198}.Debug Game|Any CPU.ActiveCfg = Debug Game|Any CPU
		{C86E9A0D-0835-49E7-B49E-AD8BD19D3198}.Debug Game|Any CPU.Build.0 = Debug Game|Any CPU
		{C86E9A0D-0835-49E7-B49E-AD8BD19D3198}.Release Editor|Any CPU.ActiveCfg = Release Editor|Any CPU
		{C86E9A0D-0835-49E7-B49E-AD8BD19D3198}.Release Editor|Any CPU.Build.0 = Release Editor|Any CPU
		{C86E9A0D-0835-49E7-B49E-AD8BD19D3198}.Release Game|Any CPU.ActiveCfg = Release Game|Any CPU
		{C86E9A0D-0835-49E7-B49E-AD8BD19D3198}.Release Game|Any CPU.Build.0 = Release Game|Any CPU
		{AB3AE256-EDAF-4AED-A03C-4498F3AE2FD9}.Debug Editor|Any CPU.ActiveCfg = Debug Editor|Any CPU
		{AB3AE256-EDAF-4AED-A03C-4498F3AE2FD9}.Debug Editor|Any CPU.Build.0 = Debug Editor|Any CPU
		{AB3AE256-EDAF-4AED-A03C-4498F3AE2FD9}.Debug Game|Any CPU.ActiveCfg = Debug Game|Any CPU
		{AB3AE256-EDAF-4AED-A03C-4498F3AE2FD9}.Debug Game|Any CPU.Build.0 = Debug Game|Any CPU
		{AB3AE256-EDAF-4AED-A03C-4498F3AE2FD9}.Release Editor|Any CPU.ActiveCfg = Release Editor|Any CPU
		{AB3AE256-EDAF-4AED-A03C-4498F3AE2FD9}.Release Editor|Any CPU.Build.0 = Release Editor|Any CPU
		{AB3AE256-EDAF-4AED-A03C-4498F3AE2FD9}.Release Game|Any CPU.ActiveCfg = Release Game|Any CPU
		{AB3AE256-EDAF-4AED-A03C-4498F3AE2FD9}.Release Game|Any CPU.Build.0 = Release Game|Any CPU
		{3CA3511F-DDA2-4C87-B9D9-1976C3843AEF}.Debug Editor|Any CPU.ActiveCfg = Debug Editor|Any CPU
		{3CA3511F-DDA2-4C87-B9D9-1976C3843AEF}.Debug Editor|Any CPU.Build.0 = Debug Editor|Any CPU
		{3CA3511F-DDA2-4C87-B9D9-1976C3843AEF}.Debug Game|Any CPU.ActiveCfg = Debug Game|Any CPU
		{3CA3511F-DDA2-4C87-B9D9-1976C3843AEF}.Debug Game|Any CPU.Build.0 = Debug Game|Any CPU
		{3CA3511F-DDA2-4C87-B9D9-1976C3843AEF}.Release Editor|Any CPU.ActiveCfg = Release Editor|Any CPU
		{3CA3511F-DDA2-4C87-B9D9-1976C3843AEF}.Release Editor|Any CPU.Build.0 = Release Editor|Any CPU
		{3CA3511F-DDA2-4C87-B9D9-1976C3843AEF}.Release Game|Any CPU.ActiveCfg = Release Game|Any CPU
		{3CA3511F-DDA2-4C87-B9D9-1976C3843AEF}.Release Game|Any CPU.Build.0 = Release Game|Any CPU
		{F5D63D59-0CD1-4307-A631-AE06FBE270E4}.Debug Editor|Any CPU.ActiveCfg = Debug Editor|Any CPU
		{F5D63D59-0CD1-4307-A631-AE06FBE270E4}.Debug Editor|Any CPU.Build.0 = Debug Editor|Any CPU
		{F5D63D59-0CD1-4307-A631-AE06FBE270E4}.Debug Game|Any CPU.ActiveCfg = Debug Game|Any CPU
		{F5D63D59-0CD1-4307-A631-AE06FBE270E4}.Debug Game|Any CPU.Build.0 = Debug Game|Any CPU
		{F5D63D59-0CD1-4307-A631-AE06FBE270E4}.Release Editor|Any CPU.ActiveCfg = Release Editor|Any CPU
		{F5D63D59-0CD1-4307-A631-AE06FBE270E4}.Release Editor|Any CPU.Build.0 = Release Editor|Any CPU
		{F5D63D59-0CD1-4307-A631-AE06FBE270E4}.Release Game|Any CPU.ActiveCfg = Release Game|Any CPU
		{F5D63D59-0CD1-4307-A631-AE06FBE270E4}.Release Game|Any CPU.Build.0 = Release Game|Any CPU
		{E78C3433-5D82-4A44-99D0-A35F2DB9BD14}.Debug Editor|Any CPU.ActiveCfg = Debug Editor|Any CPU
		{E78C3433-5D82-4A44-99D0-A35F2DB9BD14}.Debug Editor|Any CPU.Build.0 = Debug Editor|Any CPU
		{E78C3433-5D82-4A44-99D0-A35F2DB9BD14}.Debug Game|Any CPU.ActiveCfg = Debug Game|Any CPU
		{E78C3433-5D82-4A44-99D0-A35F2DB9BD14}.Debug Game|Any CPU.Build.0 = Debug Game|Any CPU
		{E78C3433-5D82-4A44-99D0-A35F2DB9BD14}.Release Editor|Any CPU.ActiveCfg = Release Editor|Any CPU
		{E78C3433-5D82-4A44-99D0-A35F2DB9BD14}.Release Editor|Any CPU.Build.0 = Release Editor|Any CPU
		{E78C3433-5D82-4A44-99D0-A35F2DB9BD14}.Release Game|Any CPU.ActiveCfg = Release Game|Any CPU
		{E78C3433-5D82-4A44-99D0-A35F2DB9BD14}.Release Game|Any CPU.Build.0 = Release Game|Any CPU
		{D203A860-5836-446D-964D-E292541E2FFE}.Debug Editor|Any CPU.ActiveCfg = Debug Editor|Any CPU
		{D203A860-5836-446D-964D-E292541E2FFE}.Debug Editor|Any CPU.Build.0 = Debug Editor|Any CPU
		{D203A860-5836-446D-964D-E292541E2FFE}.Debug Game|Any CPU.ActiveCfg = Debug Game|Any CPU
		{D203A860-5836-446D-964D-E292541E2FFE}.Debug Game|Any CPU.Build.0 = Debug Game|Any CPU
		{D203A860-5836-446D-964D-E292541E2FFE}.Release Editor|Any CPU.ActiveCfg = Release Editor|Any CPU
		{D203A860-5836-446D-964D-E292541E2FFE}.Release Editor|Any CPU.Build.0 = Release Editor|Any CPU
		{D203A860-5836-446D-964D-E292541E2FFE}.Release Game|Any CPU.ActiveCfg = Release Game|Any CPU
		{D203A860-5836-446D-964D-E292541E2FFE}.Release Game|Any CPU.Build.0 = Release Game|Any CPU
		{BBF9E5D5-1831-425F-B27E-F37D0804AA00}.Debug Editor|Any CPU.ActiveCfg = Debug Editor|Any CPU
		{BBF9E5D5-1831-425F-B27E-F37D0804AA00}.Debug Editor|Any CPU.Build.0 = Debug Editor|Any CPU
		{BBF9E5D5-1831-425F-B27E-F37D0804AA00}.Debug Game|Any CPU.ActiveCfg = Debug Game|Any CPU
		{BBF9E5D5-1831-425F-B27E-F37D0804AA00}.Debug Game|Any CPU.Build.0 = Debug Game|Any CPU
		{BBF9E5D5-1831-425F-B27E-F37D0804AA00}.Release Editor|Any CPU.ActiveCfg = Release Editor|Any CPU
		{BBF9E5D5-1831-425F-B27E-F37D0804AA00}.Release Editor|Any CPU.Build.0 = Release Editor|Any CPU
		{BBF9E5D5-1831-425F-B27E-F37D0804AA00}.Release Game|Any CPU.ActiveCfg = Release Game|Any CPU
		{BBF9E5D5-1831-425F-B27E-F37D0804AA00}.Release Game|Any CPU.Build.0 = Release Game|Any CPU
		{285C0E94-292F-4034-8A23-CEA5C429A319}.Debug Editor|Any CPU.ActiveCfg = Debug Editor|Any CPU
		{285C0E94-292F-4034-8A23-CEA5C429A319}.Debug Editor|Any CPU.Build.0 = Debug Editor|Any CPU
		{285C0E94-292F-4034-8A23-CEA5C429A319}.Debug Game|Any CPU.ActiveCfg = Debug Game|Any CPU
		{285C0E94-292F-4034-8A23-CEA5C429A319}.Debug Game|Any CPU.Build.0 = Debug Game|Any CPU
		{285C0E94-292F-4034-8A23-CEA5C429A319}.Release Editor|Any CPU.ActiveCfg = Release Editor|Any CPU
		{285C0E94-292F-4034-8A23-CEA5C429A319}.Release Editor|Any CPU.Build.0 = Release Editor|Any CPU
		{285C0E94-292F-4034-8A23-CEA5C429A319}.Release Game|Any CPU.ActiveCfg = Release Game|Any CPU
		{285C0E94-292F-4034-8A23-CEA5C429A319}.Release Game|Any CPU.Build.0 = Release Game|Any CPU
		{3BDB2493-B44F-4C24-9037-AA4C84F85EE4}.Debug Editor|Any CPU.ActiveCfg = Debug Editor|Any CPU
		{3BDB2493-B44F-4C24-9037-AA4C84F85EE4}.Debug Editor|Any CPU.Build.0 = Debug Editor|Any CPU
		{3BDB2493-B44F-4C24-9037-AA4C84F85EE4}.Debug Game|Any CPU.ActiveCfg = Debug Editor|Any CPU
		{3BDB2493-B44F-4C24-9037-AA4C84F85EE4}.Release Editor|Any CPU.ActiveCfg = Release Editor|Any CPU
		{3BDB2493-B44F-4C24-9037-AA4C84F85EE4}.Release Editor|Any CPU.Build.0 = Release Editor|Any CPU
		{3BDB2493-B44F-4C24-9037-AA4C84F85EE4}.Release Game|Any CPU.ActiveCfg = Release Editor|Any CPU
		{6910A314-41C8-4991-8004-F8BA1F8FFC60}.Debug Editor|Any CPU.ActiveCfg = Debug Editor|Any CPU
		{6910A314-41C8-4991-8004-F8BA1F8FFC60}.Debug Editor|Any CPU.Build.0 = Debug Editor|Any CPU
		{6910A314-41C8-4991-8004-F8BA1F8FFC60}.Debug Game|Any CPU.ActiveCfg = Debug Editor|Any CPU
		{6910A314-41C8-4991-8004-F8BA1F8FFC60}.Release Editor|Any CPU.ActiveCfg = Release Editor|Any CPU
		{6910A314-41C8-4991-8004-F8BA1F8FFC60}.Release Editor|Any CPU.Build.0 = Release Editor|Any CPU
		{6910A314-41C8-4991-8004-F8BA1F8FFC60}.Release Game|Any CPU.ActiveCfg = Release Editor|Any CPU
		{599D754B-FFB3-4D45-8BC3-3E3C45F51220}.Debug Editor|Any CPU.ActiveCfg = Debug Editor|Any CPU
		{599D754B-FFB3-4D45-8BC3-3E3C45F51220}.Debug Editor|Any CPU.Build.0 = Debug Editor|Any CPU
		{599D754B-FFB3-4D45-8BC3-3E3C45F51220}.Debug Game|Any CPU.ActiveCfg = Debug Editor|Any CPU
		{599D754B-FFB3-4D45-8BC3-3E3C45F51220}.Release Editor|Any CPU.ActiveCfg = Release Editor|Any CPU
		{599D754B-FFB3-4D45-8BC3-3E3C45F51220}.Release Editor|Any CPU.Build.0 = Release Editor|Any CPU
		{599D754B-FFB3-4D45-8BC3-3E3C45F51220}.Release Game|Any CPU.ActiveCfg = Release Editor|Any CPU
		{06291333-2B5B-43A1-959D-13367FD27A3C}.Debug Editor|Any CPU.ActiveCfg = Debug Editor|Any CPU
		{06291333-2B5B-43A1-959D-13367FD27A3C}.Debug Editor|Any CPU.Build.0 = Debug Editor|Any CPU
		{06291333-2B5B-43A1-959D-13367FD27A3C}.Debug Game|Any CPU.ActiveCfg = Debug Editor|Any CPU
		{06291333-2B5B-43A1-959D-13367FD27A3C}.Release Editor|Any CPU.ActiveCfg = Release Editor|Any CPU
		{06291333-2B5B-43A1-959D-13367FD27A3C}.Release Editor|Any CPU.Build.0 = Release Editor|Any CPU
		{06291333-2B5B-43A1-959D-13367FD27A3C}.Release Game|Any CPU.ActiveCfg = Release Editor|Any CPU
		{EB9E47D4-BB0A-4F0E-89F9-149796CD7C6D}.Debug Editor|Any CPU.ActiveCfg = Debug Editor|Any CPU
		{EB9E47D4-BB0A-4F0E-89F9-149796CD7C6D}.Debug Editor|Any CPU.Build.0 = Debug Editor|Any CPU
		{EB9E47D4-BB0A-4F0E-89F9-149796CD7C6D}.Debug Game|Any CPU.ActiveCfg = Debug Editor|Any CPU
		{EB9E47D4-BB0A-4F0E-89F9-149796CD7C6D}.Release Editor|Any CPU.ActiveCfg = Release Editor|Any CPU
		{EB9E47D4-BB0A-4F0E-89F9-149796CD7C6D}.Release Editor|Any CPU.Build.0 = Release Editor|Any CPU
		{EB9E47D4-BB0A-4F0E-89F9-149796CD7C6D}.Release Game|Any CPU.ActiveCfg = Release Editor|Any CPU
		{78DB35BA-E8C8-46C4-9459-FA3ED50ECBD0}.Debug Editor|Any CPU.ActiveCfg = Debug Editor|Any CPU
		{78DB35BA-E8C8-46C4-9459-FA3ED50ECBD0}.Debug Editor|Any CPU.Build.0 = Debug Editor|Any CPU
		{78DB35BA-E8C8-46C4-9459-FA3ED50ECBD0}.Debug Game|Any CPU.ActiveCfg = Debug Editor|Any CPU
		{78DB35BA-E8C8-46C4-9459-FA3ED50ECBD0}.Release Editor|Any CPU.ActiveCfg = Release Editor|Any CPU
		{78DB35BA-E8C8-46C4-9459-FA3ED50ECBD0}.Release Editor|Any CPU.Build.0 = Release Editor|Any CPU
		{78DB35BA-E8C8-46C4-9459-FA3ED50ECBD0}.Release Game|Any CPU.ActiveCfg = Release Editor|Any CPU
		{BC3F5B9B-7DC9-4C99-9080-2B87DD05F873}.Debug Editor|Any CPU.ActiveCfg = Debug Editor|Any CPU
		{BC3F5B9B-7DC9-4C99-9080-2B87DD05F873}.Debug Editor|Any CPU.Build.0 = Debug Editor|Any CPU
		{BC3F5B9B-7DC9-4C99-9080-2B87DD05F873}.Debug Game|Any CPU.ActiveCfg = Debug Editor|Any CPU
		{BC3F5B9B-7DC9-4C99-9080-2B87DD05F873}.Release Editor|Any CPU.ActiveCfg = Release Editor|Any CPU
		{BC3F5B9B-7DC9-4C99-9080-2B87DD05F873}.Release Editor|Any CPU.Build.0 = Release Editor|Any CPU
		{BC3F5B9B-7DC9-4C99-9080-2B87DD05F873}.Release Game|Any CPU.ActiveCfg = Release Editor|Any CPU
		{BCDF9DBB-5F7A-4F84-9A0F-0CDC3D68524D}.Debug Editor|Any CPU.ActiveCfg = Debug Editor|Any CPU
		{BCDF9DBB-5F7A-4F84-9A0F-0CDC3D68524D}.Debug Editor|Any CPU.Build.0 = Debug Editor|Any CPU
		{BCDF9DBB-5F7A-4F84-9A0F-0CDC3D68524D}.Debug Game|Any CPU.ActiveCfg = Debug Editor|Any CPU
		{BCDF9DBB-5F7A-4F84-9A0F-0CDC3D68524D}.Release Editor|Any CPU.ActiveCfg = Release Editor|Any CPU
		{BCDF9DBB-5F7A-4F84-9A0F-0CDC3D68524D}.Release Editor|Any CPU.Build.0 = Release Editor|Any CPU
		{BCDF9DBB-5F7A-4F84-9A0F-0CDC3D68524D}.Release Game|Any CPU.ActiveCfg = Release Editor|Any CPU
		{C837E4E7-328C-4BB2-ABF3-B6C820DA43D5}.Debug Editor|Any CPU.ActiveCfg = Debug Editor|Any CPU
		{C837E4E7-328C-4BB2-ABF3-B6C820DA43D5}.Debug Editor|Any CPU.Build.0 = Debug Editor|Any CPU
		{C837E4E7-328C-4BB2-ABF3-B6C820DA43D5}.Debug Game|Any CPU.ActiveCfg = Debug Editor|Any CPU
		{C837E4E7-328C-4BB2-ABF3-B6C820DA43D5}.Release Editor|Any CPU.ActiveCfg = Release Editor|Any CPU
		{C837E4E7-328C-4BB2-ABF3-B6C820DA43D5}.Release Editor|Any CPU.Build.0 = Release Editor|Any CPU
		{C837E4E7-328C-4BB2-ABF3-B6C820DA43D5}.Release Game|Any CPU.ActiveCfg = Release Editor|Any CPU
		{DC35BB13-41A7-4F9F-87D5-D7B7F7C94D5C}.Debug Editor|Any CPU.ActiveCfg = Debug Editor|Any CPU
		{DC35BB13-41A7-4F9F-87D5-D7B7F7C94D5C}.Debug Editor|Any CPU.Build.0 = Debug Editor|Any CPU
		{DC35BB13-41A7-4F9F-87D5-D7B7F7C94D5C}.Debug Game|Any CPU.ActiveCfg = Debug Editor|Any CPU
		{DC35BB13-41A7-4F9F-87D5-D7B7F7C94D5C}.Release Editor|Any CPU.ActiveCfg = Release Editor|Any CPU
		{DC35BB13-41A7-4F9F-87D5-D7B7F7C94D5C}.Release Editor|Any CPU.Build.0 = Release Editor|Any CPU
		{DC35BB13-41A7-4F9F-87D5-D7B7F7C94D5C}.Release Game|Any CPU.ActiveCfg = Release Editor|Any CPU
		{0739BAA7-900D-4C6F-9142-786149489912}.Debug Editor|Any CPU.ActiveCfg = Debug Editor|Any CPU
		{0739BAA7-900D-4C6F-9142-786149489912}.Debug Editor|Any CPU.Build.0 = Debug Editor|Any CPU
		{0739BAA7-900D-4C6F-9142-786149489912}.Debug Game|Any CPU.ActiveCfg = Debug Editor|Any CPU
		{0739BAA7-900D-4C6F-9142-786149489912}.Release Editor|Any CPU.ActiveCfg = Release Editor|Any CPU
		{0739BAA7-900D-4C6F-9142-786149489912}.Release Editor|Any CPU.Build.0 = Release Editor|Any CPU
		{0739BAA7-900D-4C6F-9142-786149489912}.Release Game|Any CPU.ActiveCfg = Release Editor|Any CPU
		{50C595BA-D8FE-4AD5-9E83-99495C2071C8}.Debug Editor|Any CPU.ActiveCfg = Debug Editor|Any CPU
		{50C595BA-D8FE-4AD5-9E83-99495C2071C8}.Debug Editor|Any CPU.Build.0 = Debug Editor|Any CPU
		{50C595BA-D8FE-4AD5-9E83-99495C2071C8}.Debug Game|Any CPU.ActiveCfg = Debug Game|Any CPU
		{50C595BA-D8FE-4AD5-9E83-99495C2071C8}.Debug Game|Any CPU.Build.0 = Debug Game|Any CPU
		{50C595BA-D8FE-4AD5-9E83-99495C2071C8}.Release Editor|Any CPU.ActiveCfg = Release Editor|Any CPU
		{50C595BA-D8FE-4AD5-9E83-99495C2071C8}.Release Editor|Any CPU.Build.0 = Release Editor|Any CPU
		{50C595BA-D8FE-4AD5-9E83-99495C2071C8}.Release Game|Any CPU.ActiveCfg = Release Game|Any CPU
		{50C595BA-D8FE-4AD5-9E83-99495C2071C8}.Release Game|Any CPU.Build.0 = Release Game|Any CPU
		{070164B8-215A-4847-A306-CB4891CCFADA}.Debug Editor|Any CPU.ActiveCfg = Debug Editor|Any CPU
		{070164B8-215A-4847-A306-CB4891CCFADA}.Debug Editor|Any CPU.Build.0 = Debug Editor|Any CPU
		{070164B8-215A-4847-A306-CB4891CCFADA}.Debug Game|Any CPU.ActiveCfg = Debug Editor|Any CPU
		{070164B8-215A-4847-A306-CB4891CCFADA}.Debug Game|Any CPU.Build.0 = Debug Editor|Any CPU
		{070164B8-215A-4847-A306-CB4891CCFADA}.Release Editor|Any CPU.ActiveCfg = Release Editor|Any CPU
		{070164B8-215A-4847-A306-CB4891CCFADA}.Release Editor|Any CPU.Build.0 = Release Editor|Any CPU
		{070164B8-215A-4847-A306-CB4891CCFADA}.Release Game|Any CPU.ActiveCfg = Release Editor|Any CPU
		{070164B8-215A-4847-A306-CB4891CCFADA}.Release Game|Any CPU.Build.0 = Release Editor|Any CPU
		{44C7194A-74E1-451C-8351-FF11D9EB5E2D}.Debug Editor|Any CPU.ActiveCfg = Debug Editor|Any CPU
		{44C7194A-74E1-451C-8351-FF11D9EB5E2D}.Debug Editor|Any CPU.Build.0 = Debug Editor|Any CPU
		{44C7194A-74E1-451C-8351-FF11D9EB5E2D}.Debug Game|Any CPU.ActiveCfg = Debug Editor|Any CPU
		{44C7194A-74E1-451C-8351-FF11D9EB5E2D}.Debug Game|Any CPU.Build.0 = Debug Editor|Any CPU
		{44C7194A-74E1-451C-8351-FF11D9EB5E2D}.Release Editor|Any CPU.ActiveCfg = Release Editor|Any CPU
		{44C7194A-74E1-451C-8351-FF11D9EB5E2D}.Release Editor|Any CPU.Build.0 = Release Editor|Any CPU
		{44C7194A-74E1-451C-8351-FF11D9EB5E2D}.Release Game|Any CPU.ActiveCfg = Release Editor|Any CPU
		{44C7194A-74E1-451C-8351-FF11D9EB5E2D}.Release Game|Any CPU.Build.0 = Release Editor|Any CPU
	EndGlobalSection
	GlobalSection(SolutionProperties) = preSolution
		HideSolutionNode = FALSE
	EndGlobalSection
	GlobalSection(ExtensibilityGlobals) = postSolution
		SolutionGuid = {86A1E33E-9F3A-4963-B443-C8380AC3766D}
	EndGlobalSection
EndGlobal
